
Microsoft Visual Studio Solution File, Format Version 12.00
# Visual Studio Version 16
VisualStudioVersion = 16.0.30523.141
MinimumVisualStudioVersion = 10.0.40219.1
Project("{2150E333-8FDC-42A3-9474-1A3956D46DE8}") = "Services", "Services", "{6E5715EC-AD47-4206-B535-828AF5E0088B}"
EndProject
Project("{2150E333-8FDC-42A3-9474-1A3956D46DE8}") = "WebApps", "WebApps", "{5BD55D9A-BC34-4A83-8B26-5AC20D94E4FC}"
EndProject
Project("{2150E333-8FDC-42A3-9474-1A3956D46DE8}") = "Catalogo", "Catalogo", "{EF8D4AD4-3EE6-4B08-8B90-C6F7CE574776}"
EndProject
Project("{9A19103F-16F7-4668-BE54-9A1E7A4F7556}") = "DtpontesStore.Catalogo.Domain", "src\DtpontesStore.Catalogo.Domain\DtpontesStore.Catalogo.Domain.csproj", "{620BE0AC-9EDE-43A8-95EA-19B63610FD16}"
EndProject
Project("{2150E333-8FDC-42A3-9474-1A3956D46DE8}") = "Core", "Core", "{4A1D28AE-3D69-4428-922B-3DA43B018F89}"
EndProject
Project("{9A19103F-16F7-4668-BE54-9A1E7A4F7556}") = "DtpontesStore.Core", "src\DtpontesStore.Core\DtpontesStore.Core.csproj", "{D33CFA8A-D554-4A0F-8F78-16AF426C5BDF}"
EndProject
Project("{2150E333-8FDC-42A3-9474-1A3956D46DE8}") = "Tests", "Tests", "{440E4E83-F494-4197-B614-109C0F329B86}"
EndProject
Project("{9A19103F-16F7-4668-BE54-9A1E7A4F7556}") = "DtpontesStore.Catalogo.Domain.Tests", "tests\DtpontesStore.Catalogo.Domain.Tests\DtpontesStore.Catalogo.Domain.Tests.csproj", "{FA6F9A08-F52C-4F64-B1E6-D3C73D8500DA}"
EndProject
Project("{9A19103F-16F7-4668-BE54-9A1E7A4F7556}") = "DtpontesStore.Catalogo.Data", "src\DtpontesStore.Catalogo.Data\DtpontesStore.Catalogo.Data.csproj", "{AFD420EF-8163-418B-92CE-D31FF9DBCAB9}"
EndProject
Project("{FAE04EC0-301F-11D3-BF4B-00C04F79EFBC}") = "DtpontesStore.Catalogo.Application", "src\DtpontesStore.Catalogo.Application\DtpontesStore.Catalogo.Application.csproj", "{6177D0B4-6207-4988-9D12-8CD97BDE53C3}"
EndProject
Global
	GlobalSection(SolutionConfigurationPlatforms) = preSolution
		Debug|Any CPU = Debug|Any CPU
		Release|Any CPU = Release|Any CPU
	EndGlobalSection
	GlobalSection(ProjectConfigurationPlatforms) = postSolution
		{620BE0AC-9EDE-43A8-95EA-19B63610FD16}.Debug|Any CPU.ActiveCfg = Debug|Any CPU
		{620BE0AC-9EDE-43A8-95EA-19B63610FD16}.Debug|Any CPU.Build.0 = Debug|Any CPU
		{620BE0AC-9EDE-43A8-95EA-19B63610FD16}.Release|Any CPU.ActiveCfg = Release|Any CPU
		{620BE0AC-9EDE-43A8-95EA-19B63610FD16}.Release|Any CPU.Build.0 = Release|Any CPU
		{D33CFA8A-D554-4A0F-8F78-16AF426C5BDF}.Debug|Any CPU.ActiveCfg = Debug|Any CPU
		{D33CFA8A-D554-4A0F-8F78-16AF426C5BDF}.Debug|Any CPU.Build.0 = Debug|Any CPU
		{D33CFA8A-D554-4A0F-8F78-16AF426C5BDF}.Release|Any CPU.ActiveCfg = Release|Any CPU
		{D33CFA8A-D554-4A0F-8F78-16AF426C5BDF}.Release|Any CPU.Build.0 = Release|Any CPU
		{FA6F9A08-F52C-4F64-B1E6-D3C73D8500DA}.Debug|Any CPU.ActiveCfg = Debug|Any CPU
		{FA6F9A08-F52C-4F64-B1E6-D3C73D8500DA}.Debug|Any CPU.Build.0 = Debug|Any CPU
		{FA6F9A08-F52C-4F64-B1E6-D3C73D8500DA}.Release|Any CPU.ActiveCfg = Release|Any CPU
		{FA6F9A08-F52C-4F64-B1E6-D3C73D8500DA}.Release|Any CPU.Build.0 = Release|Any CPU
		{AFD420EF-8163-418B-92CE-D31FF9DBCAB9}.Debug|Any CPU.ActiveCfg = Debug|Any CPU
		{AFD420EF-8163-418B-92CE-D31FF9DBCAB9}.Debug|Any CPU.Build.0 = Debug|Any CPU
		{AFD420EF-8163-418B-92CE-D31FF9DBCAB9}.Release|Any CPU.ActiveCfg = Release|Any CPU
		{AFD420EF-8163-418B-92CE-D31FF9DBCAB9}.Release|Any CPU.Build.0 = Release|Any CPU
		{6177D0B4-6207-4988-9D12-8CD97BDE53C3}.Debug|Any CPU.ActiveCfg = Debug|Any CPU
		{6177D0B4-6207-4988-9D12-8CD97BDE53C3}.Debug|Any CPU.Build.0 = Debug|Any CPU
		{6177D0B4-6207-4988-9D12-8CD97BDE53C3}.Release|Any CPU.ActiveCfg = Release|Any CPU
		{6177D0B4-6207-4988-9D12-8CD97BDE53C3}.Release|Any CPU.Build.0 = Release|Any CPU
	EndGlobalSection
	GlobalSection(SolutionProperties) = preSolution
		HideSolutionNode = FALSE
	EndGlobalSection
	GlobalSection(NestedProjects) = preSolution
		{EF8D4AD4-3EE6-4B08-8B90-C6F7CE574776} = {6E5715EC-AD47-4206-B535-828AF5E0088B}
		{620BE0AC-9EDE-43A8-95EA-19B63610FD16} = {EF8D4AD4-3EE6-4B08-8B90-C6F7CE574776}
		{4A1D28AE-3D69-4428-922B-3DA43B018F89} = {6E5715EC-AD47-4206-B535-828AF5E0088B}
		{D33CFA8A-D554-4A0F-8F78-16AF426C5BDF} = {4A1D28AE-3D69-4428-922B-3DA43B018F89}
		{440E4E83-F494-4197-B614-109C0F329B86} = {EF8D4AD4-3EE6-4B08-8B90-C6F7CE574776}
		{FA6F9A08-F52C-4F64-B1E6-D3C73D8500DA} = {440E4E83-F494-4197-B614-109C0F329B86}
		{AFD420EF-8163-418B-92CE-D31FF9DBCAB9} = {EF8D4AD4-3EE6-4B08-8B90-C6F7CE574776}
		{6177D0B4-6207-4988-9D12-8CD97BDE53C3} = {EF8D4AD4-3EE6-4B08-8B90-C6F7CE574776}
	EndGlobalSection
	GlobalSection(ExtensibilityGlobals) = postSolution
		SolutionGuid = {14701B5F-015D-4C1F-AF0F-FF430A5B212E}
	EndGlobalSection
EndGlobal
